
Microsoft Visual Studio Solution File, Format Version 12.00
# Visual Studio Version 16
VisualStudioVersion = 16.0.30011.22
MinimumVisualStudioVersion = 10.0.40219.1
Project("{9A19103F-16F7-4668-BE54-9A1E7A4F7556}") = "MeccaUI_THDxIOT.Server", "Server\MeccaUI_THDxIOT.Server.csproj", "{74331F31-1937-4E3A-A3E4-8C1FFB5AA7EF}"
EndProject
Project("{9A19103F-16F7-4668-BE54-9A1E7A4F7556}") = "MeccaUI_THDxIOT.Client", "Client\MeccaUI_THDxIOT.Client.csproj", "{D9705E27-D917-4BD2-B637-FDA5DA87F2A1}"
EndProject
Project("{9A19103F-16F7-4668-BE54-9A1E7A4F7556}") = "MeccaUI_THDxIOT.Shared", "Shared\MeccaUI_THDxIOT.Shared.csproj", "{3B4DB854-51E1-4FBF-A62A-54AEEA9C0495}"
EndProject
Global
	GlobalSection(SolutionConfigurationPlatforms) = preSolution
		Debug|Any CPU = Debug|Any CPU
		Release|Any CPU = Release|Any CPU
	EndGlobalSection
	GlobalSection(ProjectConfigurationPlatforms) = postSolution
		{74331F31-1937-4E3A-A3E4-8C1FFB5AA7EF}.Debug|Any CPU.ActiveCfg = Release|Any CPU
		{74331F31-1937-4E3A-A3E4-8C1FFB5AA7EF}.Debug|Any CPU.Build.0 = Release|Any CPU
		{74331F31-1937-4E3A-A3E4-8C1FFB5AA7EF}.Release|Any CPU.ActiveCfg = Release|Any CPU
		{74331F31-1937-4E3A-A3E4-8C1FFB5AA7EF}.Release|Any CPU.Build.0 = Release|Any CPU
		{D9705E27-D917-4BD2-B637-FDA5DA87F2A1}.Debug|Any CPU.ActiveCfg = Release|Any CPU
		{D9705E27-D917-4BD2-B637-FDA5DA87F2A1}.Debug|Any CPU.Build.0 = Release|Any CPU
		{D9705E27-D917-4BD2-B637-FDA5DA87F2A1}.Release|Any CPU.ActiveCfg = Release|Any CPU
		{D9705E27-D917-4BD2-B637-FDA5DA87F2A1}.Release|Any CPU.Build.0 = Release|Any CPU
		{3B4DB854-51E1-4FBF-A62A-54AEEA9C0495}.Debug|Any CPU.ActiveCfg = Release|Any CPU
		{3B4DB854-51E1-4FBF-A62A-54AEEA9C0495}.Debug|Any CPU.Build.0 = Release|Any CPU
		{3B4DB854-51E1-4FBF-A62A-54AEEA9C0495}.Release|Any CPU.ActiveCfg = Release|Any CPU
		{3B4DB854-51E1-4FBF-A62A-54AEEA9C0495}.Release|Any CPU.Build.0 = Release|Any CPU
	EndGlobalSection
	GlobalSection(SolutionProperties) = preSolution
		HideSolutionNode = FALSE
	EndGlobalSection
	GlobalSection(ExtensibilityGlobals) = postSolution
		SolutionGuid = {B5079B13-042D-476A-BDE0-0FBDE03D9703}
	EndGlobalSection
EndGlobal
